
Microsoft Visual Studio Solution File, Format Version 12.00
# Visual Studio Version 17
VisualStudioVersion = 17.13.35931.197 d17.13
MinimumVisualStudioVersion = 10.0.40219.1
Project("{FAE04EC0-301F-11D3-BF4B-00C04F79EFBC}") = "APIpeliculas", "APIpeliculas.csproj", "{C8BCA491-6471-4210-AFAE-E14D8E24CD73}"
EndProject
Global
	GlobalSection(SolutionConfigurationPlatforms) = preSolution
		Debug|Any CPU = Debug|Any CPU
		Release|Any CPU = Release|Any CPU
	EndGlobalSection
	GlobalSection(ProjectConfigurationPlatforms) = postSolution
		{C8BCA491-6471-4210-AFAE-E14D8E24CD73}.Debug|Any CPU.ActiveCfg = Debug|Any CPU
		{C8BCA491-6471-4210-AFAE-E14D8E24CD73}.Debug|Any CPU.Build.0 = Debug|Any CPU
		{C8BCA491-6471-4210-AFAE-E14D8E24CD73}.Release|Any CPU.ActiveCfg = Release|Any CPU
		{C8BCA491-6471-4210-AFAE-E14D8E24CD73}.Release|Any CPU.Build.0 = Release|Any CPU
	EndGlobalSection
	GlobalSection(SolutionProperties) = preSolution
		HideSolutionNode = FALSE
	EndGlobalSection
	GlobalSection(ExtensibilityGlobals) = postSolution
		SolutionGuid = {4B7900FF-2C57-4346-B938-3FA1F5D444C4}
	EndGlobalSection
EndGlobal
